
Microsoft Visual Studio Solution File, Format Version 12.00
# Visual Studio Version 17
VisualStudioVersion = 17.4.33213.308
MinimumVisualStudioVersion = 10.0.40219.1
Project("{9A19103F-16F7-4668-BE54-9A1E7A4F7556}") = "CORE", "DronPlan.Core\CORE.csproj", "{42BC6EE2-D154-46C7-AC80-E14247FB05FF}"
EndProject
Project("{9A19103F-16F7-4668-BE54-9A1E7A4F7556}") = "Infrastructure.Persistence", "Infrastructure.Persistence\Infrastructure.Persistence.csproj", "{6800298B-DD14-43C5-9B15-8ED4F83E77E6}"
EndProject
Project("{9A19103F-16F7-4668-BE54-9A1E7A4F7556}") = "TestProject", "TestProject\TestProject.csproj", "{B15C6103-C715-474C-A12C-0DE7F629D382}"
EndProject
Project("{9A19103F-16F7-4668-BE54-9A1E7A4F7556}") = "WebApp", "WebApp\WebApp.csproj", "{C1E537B6-8511-4FB5-B2F4-DAC12BFE6732}"
EndProject
Global
	GlobalSection(SolutionConfigurationPlatforms) = preSolution
		Debug|Any CPU = Debug|Any CPU
		Release|Any CPU = Release|Any CPU
	EndGlobalSection
	GlobalSection(ProjectConfigurationPlatforms) = postSolution
		{42BC6EE2-D154-46C7-AC80-E14247FB05FF}.Debug|Any CPU.ActiveCfg = Debug|Any CPU
		{42BC6EE2-D154-46C7-AC80-E14247FB05FF}.Debug|Any CPU.Build.0 = Debug|Any CPU
		{42BC6EE2-D154-46C7-AC80-E14247FB05FF}.Release|Any CPU.ActiveCfg = Release|Any CPU
		{42BC6EE2-D154-46C7-AC80-E14247FB05FF}.Release|Any CPU.Build.0 = Release|Any CPU
		{6800298B-DD14-43C5-9B15-8ED4F83E77E6}.Debug|Any CPU.ActiveCfg = Debug|Any CPU
		{6800298B-DD14-43C5-9B15-8ED4F83E77E6}.Debug|Any CPU.Build.0 = Debug|Any CPU
		{6800298B-DD14-43C5-9B15-8ED4F83E77E6}.Release|Any CPU.ActiveCfg = Release|Any CPU
		{6800298B-DD14-43C5-9B15-8ED4F83E77E6}.Release|Any CPU.Build.0 = Release|Any CPU
		{B15C6103-C715-474C-A12C-0DE7F629D382}.Debug|Any CPU.ActiveCfg = Debug|Any CPU
		{B15C6103-C715-474C-A12C-0DE7F629D382}.Debug|Any CPU.Build.0 = Debug|Any CPU
		{B15C6103-C715-474C-A12C-0DE7F629D382}.Release|Any CPU.ActiveCfg = Release|Any CPU
		{B15C6103-C715-474C-A12C-0DE7F629D382}.Release|Any CPU.Build.0 = Release|Any CPU
		{C1E537B6-8511-4FB5-B2F4-DAC12BFE6732}.Debug|Any CPU.ActiveCfg = Debug|Any CPU
		{C1E537B6-8511-4FB5-B2F4-DAC12BFE6732}.Debug|Any CPU.Build.0 = Debug|Any CPU
		{C1E537B6-8511-4FB5-B2F4-DAC12BFE6732}.Release|Any CPU.ActiveCfg = Release|Any CPU
		{C1E537B6-8511-4FB5-B2F4-DAC12BFE6732}.Release|Any CPU.Build.0 = Release|Any CPU
	EndGlobalSection
	GlobalSection(SolutionProperties) = preSolution
		HideSolutionNode = FALSE
	EndGlobalSection
	GlobalSection(ExtensibilityGlobals) = postSolution
		SolutionGuid = {59A88B60-D272-4DBC-8AC7-E97D331DFFAB}
	EndGlobalSection
EndGlobal
